// !$*UTF8*$!
{
	archiveVersion = 1;
	classes = {
	};
	objectVersion = 56;
	objects = {

/* Begin PBXBuildFile section */
		D64FAEE12C6D0CF300A28658 /* ToDoListApp.swift in Sources */ = {isa = PBXBuildFile; fileRef = D64FAEE02C6D0CF300A28658 /* ToDoListApp.swift */; };
		D64FAEE32C6D0CF300A28658 /* ToDoListView.swift in Sources */ = {isa = PBXBuildFile; fileRef = D64FAEE22C6D0CF300A28658 /* ToDoListView.swift */; };
		D64FAEE52C6D0CF400A28658 /* Assets.xcassets in Resources */ = {isa = PBXBuildFile; fileRef = D64FAEE42C6D0CF400A28658 /* Assets.xcassets */; };
		D64FAEE82C6D0CF400A28658 /* Preview Assets.xcassets in Resources */ = {isa = PBXBuildFile; fileRef = D64FAEE72C6D0CF400A28658 /* Preview Assets.xcassets */; };
		D64FAEF02C6D0DF300A28658 /* ToDoList.xcdatamodeld in Sources */ = {isa = PBXBuildFile; fileRef = D64FAEEE2C6D0DF300A28658 /* ToDoList.xcdatamodeld */; };
		D64FAEF32C6D23B000A28658 /* CoreDataManager.swift in Sources */ = {isa = PBXBuildFile; fileRef = D64FAEF22C6D23B000A28658 /* CoreDataManager.swift */; };
		D64FAF172C6D327300A28658 /* ToDo+Convenience.swift in Sources */ = {isa = PBXBuildFile; fileRef = D64FAF162C6D327300A28658 /* ToDo+Convenience.swift */; };
		D64FAF1A2C6D391900A28658 /* ToDoListView+ViewModel.swift in Sources */ = {isa = PBXBuildFile; fileRef = D64FAF192C6D391900A28658 /* ToDoListView+ViewModel.swift */; };
		D64FAF5D2C6E961C00A28658 /* ToDoListTests.swift in Sources */ = {isa = PBXBuildFile; fileRef = D64FAF5C2C6E961C00A28658 /* ToDoListTests.swift */; };
/* End PBXBuildFile section */

/* Begin PBXContainerItemProxy section */
		D64FAF5E2C6E961C00A28658 /* PBXContainerItemProxy */ = {
			isa = PBXContainerItemProxy;
			containerPortal = D64FAED52C6D0CF300A28658 /* Project object */;
			proxyType = 1;
			remoteGlobalIDString = D64FAEDC2C6D0CF300A28658;
			remoteInfo = ToDoList;
		};
/* End PBXContainerItemProxy section */

/* Begin PBXFileReference section */
		D64FAEDD2C6D0CF300A28658 /* ToDoList.app */ = {isa = PBXFileReference; explicitFileType = wrapper.application; includeInIndex = 0; path = ToDoList.app; sourceTree = BUILT_PRODUCTS_DIR; };
		D64FAEE02C6D0CF300A28658 /* ToDoListApp.swift */ = {isa = PBXFileReference; lastKnownFileType = sourcecode.swift; path = ToDoListApp.swift; sourceTree = "<group>"; };
		D64FAEE22C6D0CF300A28658 /* ToDoListView.swift */ = {isa = PBXFileReference; lastKnownFileType = sourcecode.swift; path = ToDoListView.swift; sourceTree = "<group>"; };
		D64FAEE42C6D0CF400A28658 /* Assets.xcassets */ = {isa = PBXFileReference; lastKnownFileType = folder.assetcatalog; path = Assets.xcassets; sourceTree = "<group>"; };
		D64FAEE72C6D0CF400A28658 /* Preview Assets.xcassets */ = {isa = PBXFileReference; lastKnownFileType = folder.assetcatalog; path = "Preview Assets.xcassets"; sourceTree = "<group>"; };
		D64FAEEF2C6D0DF300A28658 /* ToDo.xcdatamodel */ = {isa = PBXFileReference; lastKnownFileType = wrapper.xcdatamodel; path = ToDo.xcdatamodel; sourceTree = "<group>"; };
		D64FAEF22C6D23B000A28658 /* CoreDataManager.swift */ = {isa = PBXFileReference; lastKnownFileType = sourcecode.swift; path = CoreDataManager.swift; sourceTree = "<group>"; };
		D64FAF162C6D327300A28658 /* ToDo+Convenience.swift */ = {isa = PBXFileReference; lastKnownFileType = sourcecode.swift; path = "ToDo+Convenience.swift"; sourceTree = "<group>"; };
		D64FAF192C6D391900A28658 /* ToDoListView+ViewModel.swift */ = {isa = PBXFileReference; lastKnownFileType = sourcecode.swift; path = "ToDoListView+ViewModel.swift"; sourceTree = "<group>"; };
		D64FAF5A2C6E961C00A28658 /* ToDoListTests.xctest */ = {isa = PBXFileReference; explicitFileType = wrapper.cfbundle; includeInIndex = 0; path = ToDoListTests.xctest; sourceTree = BUILT_PRODUCTS_DIR; };
		D64FAF5C2C6E961C00A28658 /* ToDoListTests.swift */ = {isa = PBXFileReference; lastKnownFileType = sourcecode.swift; path = ToDoListTests.swift; sourceTree = "<group>"; };
		D64FAF652C6E977800A28658 /* ToDoList.xctestplan */ = {isa = PBXFileReference; lastKnownFileType = text; path = ToDoList.xctestplan; sourceTree = "<group>"; };
/* End PBXFileReference section */

/* Begin PBXFrameworksBuildPhase section */
		D64FAEDA2C6D0CF300A28658 /* Frameworks */ = {
			isa = PBXFrameworksBuildPhase;
			buildActionMask = 2147483647;
			files = (
			);
			runOnlyForDeploymentPostprocessing = 0;
		};
		D64FAF572C6E961C00A28658 /* Frameworks */ = {
			isa = PBXFrameworksBuildPhase;
			buildActionMask = 2147483647;
			files = (
			);
			runOnlyForDeploymentPostprocessing = 0;
		};
/* End PBXFrameworksBuildPhase section */

/* Begin PBXGroup section */
		D64FAED42C6D0CF300A28658 = {
			isa = PBXGroup;
			children = (
				D64FAF652C6E977800A28658 /* ToDoList.xctestplan */,
				D64FAEDF2C6D0CF300A28658 /* ToDoList */,
				D64FAF5B2C6E961C00A28658 /* ToDoListTests */,
				D64FAEDE2C6D0CF300A28658 /* Products */,
			);
			sourceTree = "<group>";
		};
		D64FAEDE2C6D0CF300A28658 /* Products */ = {
			isa = PBXGroup;
			children = (
				D64FAEDD2C6D0CF300A28658 /* ToDoList.app */,
				D64FAF5A2C6E961C00A28658 /* ToDoListTests.xctest */,
			);
			name = Products;
			sourceTree = "<group>";
		};
		D64FAEDF2C6D0CF300A28658 /* ToDoList */ = {
			isa = PBXGroup;
			children = (
				D64FAEE02C6D0CF300A28658 /* ToDoListApp.swift */,
				D64FAEF12C6D235B00A28658 /* CoreData */,
				D64FAF182C6D390300A28658 /* ToDoListView */,
				D64FAEE42C6D0CF400A28658 /* Assets.xcassets */,
				D64FAEE62C6D0CF400A28658 /* Preview Content */,
			);
			path = ToDoList;
			sourceTree = "<group>";
		};
		D64FAEE62C6D0CF400A28658 /* Preview Content */ = {
			isa = PBXGroup;
			children = (
				D64FAEE72C6D0CF400A28658 /* Preview Assets.xcassets */,
			);
			path = "Preview Content";
			sourceTree = "<group>";
		};
		D64FAEF12C6D235B00A28658 /* CoreData */ = {
			isa = PBXGroup;
			children = (
				D64FAEEE2C6D0DF300A28658 /* ToDoList.xcdatamodeld */,
				D64FAEF22C6D23B000A28658 /* CoreDataManager.swift */,
				D64FAF162C6D327300A28658 /* ToDo+Convenience.swift */,
			);
			path = CoreData;
			sourceTree = "<group>";
		};
		D64FAF182C6D390300A28658 /* ToDoListView */ = {
			isa = PBXGroup;
			children = (
				D64FAEE22C6D0CF300A28658 /* ToDoListView.swift */,
				D64FAF192C6D391900A28658 /* ToDoListView+ViewModel.swift */,
			);
			path = ToDoListView;
			sourceTree = "<group>";
		};
		D64FAF5B2C6E961C00A28658 /* ToDoListTests */ = {
			isa = PBXGroup;
			children = (
				D64FAF5C2C6E961C00A28658 /* ToDoListTests.swift */,
			);
			path = ToDoListTests;
			sourceTree = "<group>";
		};
/* End PBXGroup section */

/* Begin PBXNativeTarget section */
		D64FAEDC2C6D0CF300A28658 /* ToDoList */ = {
			isa = PBXNativeTarget;
			buildConfigurationList = D64FAEEB2C6D0CF400A28658 /* Build configuration list for PBXNativeTarget "ToDoList" */;
			buildPhases = (
				D64FAED92C6D0CF300A28658 /* Sources */,
				D64FAEDA2C6D0CF300A28658 /* Frameworks */,
				D64FAEDB2C6D0CF300A28658 /* Resources */,
			);
			buildRules = (
			);
			dependencies = (
			);
			name = ToDoList;
			productName = ToDoList;
			productReference = D64FAEDD2C6D0CF300A28658 /* ToDoList.app */;
			productType = "com.apple.product-type.application";
		};
		D64FAF592C6E961C00A28658 /* ToDoListTests */ = {
			isa = PBXNativeTarget;
			buildConfigurationList = D64FAF602C6E961C00A28658 /* Build configuration list for PBXNativeTarget "ToDoListTests" */;
			buildPhases = (
				D64FAF562C6E961C00A28658 /* Sources */,
				D64FAF572C6E961C00A28658 /* Frameworks */,
				D64FAF582C6E961C00A28658 /* Resources */,
			);
			buildRules = (
			);
			dependencies = (
				D64FAF5F2C6E961C00A28658 /* PBXTargetDependency */,
			);
			name = ToDoListTests;
			productName = ToDoListTests;
			productReference = D64FAF5A2C6E961C00A28658 /* ToDoListTests.xctest */;
			productType = "com.apple.product-type.bundle.unit-test";
		};
/* End PBXNativeTarget section */

/* Begin PBXProject section */
		D64FAED52C6D0CF300A28658 /* Project object */ = {
			isa = PBXProject;
			attributes = {
				BuildIndependentTargetsInParallel = 1;
				LastSwiftUpdateCheck = 1540;
				LastUpgradeCheck = 1540;
				TargetAttributes = {
					D64FAEDC2C6D0CF300A28658 = {
						CreatedOnToolsVersion = 15.4;
					};
					D64FAF592C6E961C00A28658 = {
						CreatedOnToolsVersion = 15.4;
						TestTargetID = D64FAEDC2C6D0CF300A28658;
					};
				};
			};
			buildConfigurationList = D64FAED82C6D0CF300A28658 /* Build configuration list for PBXProject "ToDoList" */;
			compatibilityVersion = "Xcode 14.0";
			developmentRegion = en;
			hasScannedForEncodings = 0;
			knownRegions = (
				en,
				Base,
			);
			mainGroup = D64FAED42C6D0CF300A28658;
			productRefGroup = D64FAEDE2C6D0CF300A28658 /* Products */;
			projectDirPath = "";
			projectRoot = "";
			targets = (
				D64FAEDC2C6D0CF300A28658 /* ToDoList */,
				D64FAF592C6E961C00A28658 /* ToDoListTests */,
			);
		};
/* End PBXProject section */

/* Begin PBXResourcesBuildPhase section */
		D64FAEDB2C6D0CF300A28658 /* Resources */ = {
			isa = PBXResourcesBuildPhase;
			buildActionMask = 2147483647;
			files = (
				D64FAEE82C6D0CF400A28658 /* Preview Assets.xcassets in Resources */,
				D64FAEE52C6D0CF400A28658 /* Assets.xcassets in Resources */,
			);
			runOnlyForDeploymentPostprocessing = 0;
		};
		D64FAF582C6E961C00A28658 /* Resources */ = {
			isa = PBXResourcesBuildPhase;
			buildActionMask = 2147483647;
			files = (
			);
			runOnlyForDeploymentPostprocessing = 0;
		};
/* End PBXResourcesBuildPhase section */

/* Begin PBXSourcesBuildPhase section */
		D64FAED92C6D0CF300A28658 /* Sources */ = {
			isa = PBXSourcesBuildPhase;
			buildActionMask = 2147483647;
			files = (
				D64FAEE32C6D0CF300A28658 /* ToDoListView.swift in Sources */,
				D64FAEF32C6D23B000A28658 /* CoreDataManager.swift in Sources */,
				D64FAEF02C6D0DF300A28658 /* ToDoList.xcdatamodeld in Sources */,
				D64FAEE12C6D0CF300A28658 /* ToDoListApp.swift in Sources */,
				D64FAF172C6D327300A28658 /* ToDo+Convenience.swift in Sources */,
				D64FAF1A2C6D391900A28658 /* ToDoListView+ViewModel.swift in Sources */,
			);
			runOnlyForDeploymentPostprocessing = 0;
		};
		D64FAF562C6E961C00A28658 /* Sources */ = {
			isa = PBXSourcesBuildPhase;
			buildActionMask = 2147483647;
			files = (
				D64FAF5D2C6E961C00A28658 /* ToDoListTests.swift in Sources */,
			);
			runOnlyForDeploymentPostprocessing = 0;
		};
/* End PBXSourcesBuildPhase section */

/* Begin PBXTargetDependency section */
		D64FAF5F2C6E961C00A28658 /* PBXTargetDependency */ = {
			isa = PBXTargetDependency;
			target = D64FAEDC2C6D0CF300A28658 /* ToDoList */;
			targetProxy = D64FAF5E2C6E961C00A28658 /* PBXContainerItemProxy */;
		};
/* End PBXTargetDependency section */

/* Begin XCBuildConfiguration section */
		D64FAEE92C6D0CF400A28658 /* Debug */ = {
			isa = XCBuildConfiguration;
			buildSettings = {
				ALWAYS_SEARCH_USER_PATHS = NO;
				ASSETCATALOG_COMPILER_GENERATE_SWIFT_ASSET_SYMBOL_EXTENSIONS = YES;
				CLANG_ANALYZER_NONNULL = YES;
				CLANG_ANALYZER_NUMBER_OBJECT_CONVERSION = YES_AGGRESSIVE;
				CLANG_CXX_LANGUAGE_STANDARD = "gnu++20";
				CLANG_ENABLE_MODULES = YES;
				CLANG_ENABLE_OBJC_ARC = YES;
				CLANG_ENABLE_OBJC_WEAK = YES;
				CLANG_WARN_BLOCK_CAPTURE_AUTORELEASING = YES;
				CLANG_WARN_BOOL_CONVERSION = YES;
				CLANG_WARN_COMMA = YES;
				CLANG_WARN_CONSTANT_CONVERSION = YES;
				CLANG_WARN_DEPRECATED_OBJC_IMPLEMENTATIONS = YES;
				CLANG_WARN_DIRECT_OBJC_ISA_USAGE = YES_ERROR;
				CLANG_WARN_DOCUMENTATION_COMMENTS = YES;
				CLANG_WARN_EMPTY_BODY = YES;
				CLANG_WARN_ENUM_CONVERSION = YES;
				CLANG_WARN_INFINITE_RECURSION = YES;
				CLANG_WARN_INT_CONVERSION = YES;
				CLANG_WARN_NON_LITERAL_NULL_CONVERSION = YES;
				CLANG_WARN_OBJC_IMPLICIT_RETAIN_SELF = YES;
				CLANG_WARN_OBJC_LITERAL_CONVERSION = YES;
				CLANG_WARN_OBJC_ROOT_CLASS = YES_ERROR;
				CLANG_WARN_QUOTED_INCLUDE_IN_FRAMEWORK_HEADER = YES;
				CLANG_WARN_RANGE_LOOP_ANALYSIS = YES;
				CLANG_WARN_STRICT_PROTOTYPES = YES;
				CLANG_WARN_SUSPICIOUS_MOVE = YES;
				CLANG_WARN_UNGUARDED_AVAILABILITY = YES_AGGRESSIVE;
				CLANG_WARN_UNREACHABLE_CODE = YES;
				CLANG_WARN__DUPLICATE_METHOD_MATCH = YES;
				COPY_PHASE_STRIP = NO;
				DEBUG_INFORMATION_FORMAT = dwarf;
				ENABLE_STRICT_OBJC_MSGSEND = YES;
				ENABLE_TESTABILITY = YES;
				ENABLE_USER_SCRIPT_SANDBOXING = YES;
				GCC_C_LANGUAGE_STANDARD = gnu17;
				GCC_DYNAMIC_NO_PIC = NO;
				GCC_NO_COMMON_BLOCKS = YES;
				GCC_OPTIMIZATION_LEVEL = 0;
				GCC_PREPROCESSOR_DEFINITIONS = (
					"DEBUG=1",
					"$(inherited)",
				);
				GCC_WARN_64_TO_32_BIT_CONVERSION = YES;
				GCC_WARN_ABOUT_RETURN_TYPE = YES_ERROR;
				GCC_WARN_UNDECLARED_SELECTOR = YES;
				GCC_WARN_UNINITIALIZED_AUTOS = YES_AGGRESSIVE;
				GCC_WARN_UNUSED_FUNCTION = YES;
				GCC_WARN_UNUSED_VARIABLE = YES;
				IPHONEOS_DEPLOYMENT_TARGET = 17.5;
				LOCALIZATION_PREFERS_STRING_CATALOGS = YES;
				MTL_ENABLE_DEBUG_INFO = INCLUDE_SOURCE;
				MTL_FAST_MATH = YES;
				ONLY_ACTIVE_ARCH = YES;
				SDKROOT = iphoneos;
				SWIFT_ACTIVE_COMPILATION_CONDITIONS = "DEBUG $(inherited)";
				SWIFT_OPTIMIZATION_LEVEL = "-Onone";
			};
			name = Debug;
		};
		D64FAEEA2C6D0CF400A28658 /* Release */ = {
			isa = XCBuildConfiguration;
			buildSettings = {
				ALWAYS_SEARCH_USER_PATHS = NO;
				ASSETCATALOG_COMPILER_GENERATE_SWIFT_ASSET_SYMBOL_EXTENSIONS = YES;
				CLANG_ANALYZER_NONNULL = YES;
				CLANG_ANALYZER_NUMBER_OBJECT_CONVERSION = YES_AGGRESSIVE;
				CLANG_CXX_LANGUAGE_STANDARD = "gnu++20";
				CLANG_ENABLE_MODULES = YES;
				CLANG_ENABLE_OBJC_ARC = YES;
				CLANG_ENABLE_OBJC_WEAK = YES;
				CLANG_WARN_BLOCK_CAPTURE_AUTORELEASING = YES;
				CLANG_WARN_BOOL_CONVERSION = YES;
				CLANG_WARN_COMMA = YES;
				CLANG_WARN_CONSTANT_CONVERSION = YES;
				CLANG_WARN_DEPRECATED_OBJC_IMPLEMENTATIONS = YES;
				CLANG_WARN_DIRECT_OBJC_ISA_USAGE = YES_ERROR;
				CLANG_WARN_DOCUMENTATION_COMMENTS = YES;
				CLANG_WARN_EMPTY_BODY = YES;
				CLANG_WARN_ENUM_CONVERSION = YES;
				CLANG_WARN_INFINITE_RECURSION = YES;
				CLANG_WARN_INT_CONVERSION = YES;
				CLANG_WARN_NON_LITERAL_NULL_CONVERSION = YES;
				CLANG_WARN_OBJC_IMPLICIT_RETAIN_SELF = YES;
				CLANG_WARN_OBJC_LITERAL_CONVERSION = YES;
				CLANG_WARN_OBJC_ROOT_CLASS = YES_ERROR;
				CLANG_WARN_QUOTED_INCLUDE_IN_FRAMEWORK_HEADER = YES;
				CLANG_WARN_RANGE_LOOP_ANALYSIS = YES;
				CLANG_WARN_STRICT_PROTOTYPES = YES;
				CLANG_WARN_SUSPICIOUS_MOVE = YES;
				CLANG_WARN_UNGUARDED_AVAILABILITY = YES_AGGRESSIVE;
				CLANG_WARN_UNREACHABLE_CODE = YES;
				CLANG_WARN__DUPLICATE_METHOD_MATCH = YES;
				COPY_PHASE_STRIP = NO;
				DEBUG_INFORMATION_FORMAT = "dwarf-with-dsym";
				ENABLE_NS_ASSERTIONS = NO;
				ENABLE_STRICT_OBJC_MSGSEND = YES;
				ENABLE_USER_SCRIPT_SANDBOXING = YES;
				GCC_C_LANGUAGE_STANDARD = gnu17;
				GCC_NO_COMMON_BLOCKS = YES;
				GCC_WARN_64_TO_32_BIT_CONVERSION = YES;
				GCC_WARN_ABOUT_RETURN_TYPE = YES_ERROR;
				GCC_WARN_UNDECLARED_SELECTOR = YES;
				GCC_WARN_UNINITIALIZED_AUTOS = YES_AGGRESSIVE;
				GCC_WARN_UNUSED_FUNCTION = YES;
				GCC_WARN_UNUSED_VARIABLE = YES;
				IPHONEOS_DEPLOYMENT_TARGET = 17.5;
				LOCALIZATION_PREFERS_STRING_CATALOGS = YES;
				MTL_ENABLE_DEBUG_INFO = NO;
				MTL_FAST_MATH = YES;
				SDKROOT = iphoneos;
				SWIFT_COMPILATION_MODE = wholemodule;
				VALIDATE_PRODUCT = YES;
			};
			name = Release;
		};
		D64FAEEC2C6D0CF400A28658 /* Debug */ = {
			isa = XCBuildConfiguration;
			buildSettings = {
				ASSETCATALOG_COMPILER_APPICON_NAME = AppIcon;
				ASSETCATALOG_COMPILER_GLOBAL_ACCENT_COLOR_NAME = AccentColor;
				CODE_SIGN_STYLE = Automatic;
				CURRENT_PROJECT_VERSION = 1;
				DEVELOPMENT_ASSET_PATHS = "\"ToDoList/Preview Content\"";
				DEVELOPMENT_TEAM = 84AK8SAYG2;
				ENABLE_PREVIEWS = YES;
				GENERATE_INFOPLIST_FILE = YES;
				INFOPLIST_KEY_UIApplicationSceneManifest_Generation = YES;
				INFOPLIST_KEY_UIApplicationSupportsIndirectInputEvents = YES;
				INFOPLIST_KEY_UILaunchScreen_Generation = YES;
				INFOPLIST_KEY_UISupportedInterfaceOrientations_iPad = "UIInterfaceOrientationPortrait UIInterfaceOrientationPortraitUpsideDown UIInterfaceOrientationLandscapeLeft UIInterfaceOrientationLandscapeRight";
				INFOPLIST_KEY_UISupportedInterfaceOrientations_iPhone = "UIInterfaceOrientationPortrait UIInterfaceOrientationLandscapeLeft UIInterfaceOrientationLandscapeRight";
				LD_RUNPATH_SEARCH_PATHS = (
					"$(inherited)",
					"@executable_path/Frameworks",
				);
				MARKETING_VERSION = 1.0;
				PRODUCT_BUNDLE_IDENTIFIER = com.samanthagatt.ToDoList;
				PRODUCT_NAME = "$(TARGET_NAME)";
				SWIFT_EMIT_LOC_STRINGS = YES;
				SWIFT_VERSION = 5.0;
				TARGETED_DEVICE_FAMILY = "1,2";
			};
			name = Debug;
		};
		D64FAEED2C6D0CF400A28658 /* Release */ = {
			isa = XCBuildConfiguration;
			buildSettings = {
				ASSETCATALOG_COMPILER_APPICON_NAME = AppIcon;
				ASSETCATALOG_COMPILER_GLOBAL_ACCENT_COLOR_NAME = AccentColor;
				CODE_SIGN_STYLE = Automatic;
				CURRENT_PROJECT_VERSION = 1;
				DEVELOPMENT_ASSET_PATHS = "\"ToDoList/Preview Content\"";
				DEVELOPMENT_TEAM = 84AK8SAYG2;
				ENABLE_PREVIEWS = YES;
				GENERATE_INFOPLIST_FILE = YES;
				INFOPLIST_KEY_UIApplicationSceneManifest_Generation = YES;
				INFOPLIST_KEY_UIApplicationSupportsIndirectInputEvents = YES;
				INFOPLIST_KEY_UILaunchScreen_Generation = YES;
				INFOPLIST_KEY_UISupportedInterfaceOrientations_iPad = "UIInterfaceOrientationPortrait UIInterfaceOrientationPortraitUpsideDown UIInterfaceOrientationLandscapeLeft UIInterfaceOrientationLandscapeRight";
				INFOPLIST_KEY_UISupportedInterfaceOrientations_iPhone = "UIInterfaceOrientationPortrait UIInterfaceOrientationLandscapeLeft UIInterfaceOrientationLandscapeRight";
				LD_RUNPATH_SEARCH_PATHS = (
					"$(inherited)",
					"@executable_path/Frameworks",
				);
				MARKETING_VERSION = 1.0;
				PRODUCT_BUNDLE_IDENTIFIER = com.samanthagatt.ToDoList;
				PRODUCT_NAME = "$(TARGET_NAME)";
				SWIFT_EMIT_LOC_STRINGS = YES;
				SWIFT_VERSION = 5.0;
				TARGETED_DEVICE_FAMILY = "1,2";
			};
			name = Release;
		};
		D64FAF612C6E961C00A28658 /* Debug */ = {
			isa = XCBuildConfiguration;
			buildSettings = {
				BUNDLE_LOADER = "$(TEST_HOST)";
				CODE_SIGN_STYLE = Automatic;
				CURRENT_PROJECT_VERSION = 1;
				DEVELOPMENT_TEAM = 84AK8SAYG2;
				GENERATE_INFOPLIST_FILE = YES;
				MARKETING_VERSION = 1.0;
				PRODUCT_BUNDLE_IDENTIFIER = com.samanthagatt.ToDoListTests;
				PRODUCT_NAME = "$(TARGET_NAME)";
				SWIFT_EMIT_LOC_STRINGS = NO;
				SWIFT_VERSION = 5.0;
				TARGETED_DEVICE_FAMILY = "1,2";
				TEST_HOST = "$(BUILT_PRODUCTS_DIR)/ToDoList.app/$(BUNDLE_EXECUTABLE_FOLDER_PATH)/ToDoList";
			};
			name = Debug;
		};
		D64FAF622C6E961C00A28658 /* Release */ = {
			isa = XCBuildConfiguration;
			buildSettings = {
				BUNDLE_LOADER = "$(TEST_HOST)";
				CODE_SIGN_STYLE = Automatic;
				CURRENT_PROJECT_VERSION = 1;
				DEVELOPMENT_TEAM = 84AK8SAYG2;
				GENERATE_INFOPLIST_FILE = YES;
				MARKETING_VERSION = 1.0;
				PRODUCT_BUNDLE_IDENTIFIER = com.samanthagatt.ToDoListTests;
				PRODUCT_NAME = "$(TARGET_NAME)";
				SWIFT_EMIT_LOC_STRINGS = NO;
				SWIFT_VERSION = 5.0;
				TARGETED_DEVICE_FAMILY = "1,2";
				TEST_HOST = "$(BUILT_PRODUCTS_DIR)/ToDoList.app/$(BUNDLE_EXECUTABLE_FOLDER_PATH)/ToDoList";
			};
			name = Release;
		};
/* End XCBuildConfiguration section */

/* Begin XCConfigurationList section */
		D64FAED82C6D0CF300A28658 /* Build configuration list for PBXProject "ToDoList" */ = {
			isa = XCConfigurationList;
			buildConfigurations = (
				D64FAEE92C6D0CF400A28658 /* Debug */,
				D64FAEEA2C6D0CF400A28658 /* Release */,
			);
			defaultConfigurationIsVisible = 0;
			defaultConfigurationName = Release;
		};
		D64FAEEB2C6D0CF400A28658 /* Build configuration list for PBXNativeTarget "ToDoList" */ = {
			isa = XCConfigurationList;
			buildConfigurations = (
				D64FAEEC2C6D0CF400A28658 /* Debug */,
				D64FAEED2C6D0CF400A28658 /* Release */,
			);
			defaultConfigurationIsVisible = 0;
			defaultConfigurationName = Release;
		};
		D64FAF602C6E961C00A28658 /* Build configuration list for PBXNativeTarget "ToDoListTests" */ = {
			isa = XCConfigurationList;
			buildConfigurations = (
				D64FAF612C6E961C00A28658 /* Debug */,
				D64FAF622C6E961C00A28658 /* Release */,
			);
			defaultConfigurationIsVisible = 0;
			defaultConfigurationName = Release;
		};
/* End XCConfigurationList section */

/* Begin XCVersionGroup section */
		D64FAEEE2C6D0DF300A28658 /* ToDoList.xcdatamodeld */ = {
			isa = XCVersionGroup;
			children = (
				D64FAEEF2C6D0DF300A28658 /* ToDo.xcdatamodel */,
			);
			currentVersion = D64FAEEF2C6D0DF300A28658 /* ToDo.xcdatamodel */;
			path = ToDoList.xcdatamodeld;
			sourceTree = "<group>";
			versionGroupType = wrapper.xcdatamodel;
		};
/* End XCVersionGroup section */
	};
	rootObject = D64FAED52C6D0CF300A28658 /* Project object */;
}
